
Microsoft Visual Studio Solution File, Format Version 12.00
# Visual Studio 2013
VisualStudioVersion = 12.0.31101.0
MinimumVisualStudioVersion = 10.0.40219.1
Project("{FAE04EC0-301F-11D3-BF4B-00C04F79EFBC}") = "WBT35ToXML", "WBTMigration\WBT35ToXML.csproj", "{3BD10186-F9B7-4827-AABB-E6C4C3B71E7E}"
EndProject
Project("{FAE04EC0-301F-11D3-BF4B-00C04F79EFBC}") = "Testing", "Testing\Testing.csproj", "{510E5D68-47C2-4960-86F1-F1529C320741}"
EndProject
Project("{FAE04EC0-301F-11D3-BF4B-00C04F79EFBC}") = "XMLToASPX", "XMLToWBT\XMLToASPX.csproj", "{F6DF52DE-0EC6-4801-947B-F821043FB3F7}"
EndProject
Project("{FAE04EC0-301F-11D3-BF4B-00C04F79EFBC}") = "WBTMultipageUtility", "WBTMultipageUtility\WBTMultipageUtility.csproj", "{C852D734-CA04-403E-BBBA-A2E1371257D2}"
EndProject
Global
	GlobalSection(SolutionConfigurationPlatforms) = preSolution
		Debug|Any CPU = Debug|Any CPU
		Debug|ARM = Debug|ARM
		Debug|x64 = Debug|x64
		Debug|x86 = Debug|x86
		Release|Any CPU = Release|Any CPU
		Release|ARM = Release|ARM
		Release|x64 = Release|x64
		Release|x86 = Release|x86
	EndGlobalSection
	GlobalSection(ProjectConfigurationPlatforms) = postSolution
		{3BD10186-F9B7-4827-AABB-E6C4C3B71E7E}.Debug|Any CPU.ActiveCfg = Debug|Any CPU
		{3BD10186-F9B7-4827-AABB-E6C4C3B71E7E}.Debug|Any CPU.Build.0 = Debug|Any CPU
		{3BD10186-F9B7-4827-AABB-E6C4C3B71E7E}.Debug|ARM.ActiveCfg = Debug|Any CPU
		{3BD10186-F9B7-4827-AABB-E6C4C3B71E7E}.Debug|x64.ActiveCfg = Debug|Any CPU
		{3BD10186-F9B7-4827-AABB-E6C4C3B71E7E}.Debug|x86.ActiveCfg = Debug|Any CPU
		{3BD10186-F9B7-4827-AABB-E6C4C3B71E7E}.Release|Any CPU.ActiveCfg = Release|Any CPU
		{3BD10186-F9B7-4827-AABB-E6C4C3B71E7E}.Release|Any CPU.Build.0 = Release|Any CPU
		{3BD10186-F9B7-4827-AABB-E6C4C3B71E7E}.Release|ARM.ActiveCfg = Release|Any CPU
		{3BD10186-F9B7-4827-AABB-E6C4C3B71E7E}.Release|x64.ActiveCfg = Release|Any CPU
		{3BD10186-F9B7-4827-AABB-E6C4C3B71E7E}.Release|x86.ActiveCfg = Release|Any CPU
		{510E5D68-47C2-4960-86F1-F1529C320741}.Debug|Any CPU.ActiveCfg = Debug|Any CPU
		{510E5D68-47C2-4960-86F1-F1529C320741}.Debug|Any CPU.Build.0 = Debug|Any CPU
		{510E5D68-47C2-4960-86F1-F1529C320741}.Debug|ARM.ActiveCfg = Debug|Any CPU
		{510E5D68-47C2-4960-86F1-F1529C320741}.Debug|x64.ActiveCfg = Debug|Any CPU
		{510E5D68-47C2-4960-86F1-F1529C320741}.Debug|x86.ActiveCfg = Debug|Any CPU
		{510E5D68-47C2-4960-86F1-F1529C320741}.Release|Any CPU.ActiveCfg = Release|Any CPU
		{510E5D68-47C2-4960-86F1-F1529C320741}.Release|Any CPU.Build.0 = Release|Any CPU
		{510E5D68-47C2-4960-86F1-F1529C320741}.Release|ARM.ActiveCfg = Release|Any CPU
		{510E5D68-47C2-4960-86F1-F1529C320741}.Release|x64.ActiveCfg = Release|Any CPU
		{510E5D68-47C2-4960-86F1-F1529C320741}.Release|x86.ActiveCfg = Release|Any CPU
		{F6DF52DE-0EC6-4801-947B-F821043FB3F7}.Debug|Any CPU.ActiveCfg = Debug|Any CPU
		{F6DF52DE-0EC6-4801-947B-F821043FB3F7}.Debug|Any CPU.Build.0 = Debug|Any CPU
		{F6DF52DE-0EC6-4801-947B-F821043FB3F7}.Debug|ARM.ActiveCfg = Debug|Any CPU
		{F6DF52DE-0EC6-4801-947B-F821043FB3F7}.Debug|x64.ActiveCfg = Debug|Any CPU
		{F6DF52DE-0EC6-4801-947B-F821043FB3F7}.Debug|x86.ActiveCfg = Debug|Any CPU
		{F6DF52DE-0EC6-4801-947B-F821043FB3F7}.Release|Any CPU.ActiveCfg = Release|Any CPU
		{F6DF52DE-0EC6-4801-947B-F821043FB3F7}.Release|Any CPU.Build.0 = Release|Any CPU
		{F6DF52DE-0EC6-4801-947B-F821043FB3F7}.Release|ARM.ActiveCfg = Release|Any CPU
		{F6DF52DE-0EC6-4801-947B-F821043FB3F7}.Release|x64.ActiveCfg = Release|Any CPU
		{F6DF52DE-0EC6-4801-947B-F821043FB3F7}.Release|x86.ActiveCfg = Release|Any CPU
		{C852D734-CA04-403E-BBBA-A2E1371257D2}.Debug|Any CPU.ActiveCfg = Debug|Any CPU
		{C852D734-CA04-403E-BBBA-A2E1371257D2}.Debug|Any CPU.Build.0 = Debug|Any CPU
		{C852D734-CA04-403E-BBBA-A2E1371257D2}.Debug|ARM.ActiveCfg = Debug|Any CPU
		{C852D734-CA04-403E-BBBA-A2E1371257D2}.Debug|x64.ActiveCfg = Debug|Any CPU
		{C852D734-CA04-403E-BBBA-A2E1371257D2}.Debug|x86.ActiveCfg = Debug|Any CPU
		{C852D734-CA04-403E-BBBA-A2E1371257D2}.Release|Any CPU.ActiveCfg = Release|Any CPU
		{C852D734-CA04-403E-BBBA-A2E1371257D2}.Release|Any CPU.Build.0 = Release|Any CPU
		{C852D734-CA04-403E-BBBA-A2E1371257D2}.Release|ARM.ActiveCfg = Release|Any CPU
		{C852D734-CA04-403E-BBBA-A2E1371257D2}.Release|x64.ActiveCfg = Release|Any CPU
		{C852D734-CA04-403E-BBBA-A2E1371257D2}.Release|x86.ActiveCfg = Release|Any CPU
	EndGlobalSection
	GlobalSection(SolutionProperties) = preSolution
		HideSolutionNode = FALSE
	EndGlobalSection
EndGlobal
